
Microsoft Visual Studio Solution File, Format Version 12.00
# Visual Studio Version 17
VisualStudioVersion = 17.14.36518.9 d17.14
MinimumVisualStudioVersion = 10.0.40219.1
Project("{8BC9CEB8-8B4A-11D0-8D11-00A0C91BC942}") = "аисд4", "аисд4\аисд4.vcxproj", "{E726BDF2-C577-4603-B520-AF3BCDC0830E}"
EndProject
Global
	GlobalSection(SolutionConfigurationPlatforms) = preSolution
		Debug|x64 = Debug|x64
		Debug|x86 = Debug|x86
		Release|x64 = Release|x64
		Release|x86 = Release|x86
	EndGlobalSection
	GlobalSection(ProjectConfigurationPlatforms) = postSolution
		{E726BDF2-C577-4603-B520-AF3BCDC0830E}.Debug|x64.ActiveCfg = Debug|x64
		{E726BDF2-C577-4603-B520-AF3BCDC0830E}.Debug|x64.Build.0 = Debug|x64
		{E726BDF2-C577-4603-B520-AF3BCDC0830E}.Debug|x86.ActiveCfg = Debug|Win32
		{E726BDF2-C577-4603-B520-AF3BCDC0830E}.Debug|x86.Build.0 = Debug|Win32
		{E726BDF2-C577-4603-B520-AF3BCDC0830E}.Release|x64.ActiveCfg = Release|x64
		{E726BDF2-C577-4603-B520-AF3BCDC0830E}.Release|x64.Build.0 = Release|x64
		{E726BDF2-C577-4603-B520-AF3BCDC0830E}.Release|x86.ActiveCfg = Release|Win32
		{E726BDF2-C577-4603-B520-AF3BCDC0830E}.Release|x86.Build.0 = Release|Win32
	EndGlobalSection
	GlobalSection(SolutionProperties) = preSolution
		HideSolutionNode = FALSE
	EndGlobalSection
	GlobalSection(ExtensibilityGlobals) = postSolution
		SolutionGuid = {96E28C90-4155-44A5-BF02-6221DC51867F}
	EndGlobalSection
EndGlobal
